
Microsoft Visual Studio Solution File, Format Version 12.00
# Visual Studio 15
Project("{FAE04EC0-301F-11D3-BF4B-00C04F79EFBC}") = "UnityEngine.TestRunner", "UnityEngine.TestRunner.csproj", "{6D8D99BC-1DB3-F8C4-B525-28A8ED13439D}"
EndProject
Project("{FAE04EC0-301F-11D3-BF4B-00C04F79EFBC}") = "Unity.Mathematics", "Unity.Mathematics.csproj", "{5F0A010A-135D-8C29-E4D9-C631D7040294}"
EndProject
Project("{FAE04EC0-301F-11D3-BF4B-00C04F79EFBC}") = "Unity.Timeline", "Unity.Timeline.csproj", "{C62FCCAF-9CBF-6300-D371-FA850E1F571F}"
EndProject
Project("{FAE04EC0-301F-11D3-BF4B-00C04F79EFBC}") = "UnityEngine.UI", "UnityEngine.UI.csproj", "{D36910CA-33EC-2331-AEEA-48BB9EAA5620}"
EndProject
Project("{FAE04EC0-301F-11D3-BF4B-00C04F79EFBC}") = "Unity.TextMeshPro", "Unity.TextMeshPro.csproj", "{78457E42-ED67-C9E5-98EF-B5427940ED92}"
EndProject
Project("{FAE04EC0-301F-11D3-BF4B-00C04F79EFBC}") = "Unity.2D.Animation.Runtime", "Unity.2D.Animation.Runtime.csproj", "{4ABBF053-9462-8651-E694-CA06EF850F07}"
EndProject
Project("{FAE04EC0-301F-11D3-BF4B-00C04F79EFBC}") = "Unity.2D.IK.Runtime", "Unity.2D.IK.Runtime.csproj", "{EBE68BCD-AD92-890B-1C86-D6FAF1E04BEE}"
EndProject
Project("{FAE04EC0-301F-11D3-BF4B-00C04F79EFBC}") = "Unity.2D.SpriteShape.Runtime", "Unity.2D.SpriteShape.Runtime.csproj", "{2B54A9B1-776C-A165-2062-114487C352F3}"
EndProject
Project("{FAE04EC0-301F-11D3-BF4B-00C04F79EFBC}") = "Assembly-CSharp", "Assembly-CSharp.csproj", "{C68B3644-90E2-884B-89FD-9196FD699751}"
EndProject
Project("{FAE04EC0-301F-11D3-BF4B-00C04F79EFBC}") = "Unity.2D.PixelPerfect", "Unity.2D.PixelPerfect.csproj", "{045E569A-1E76-982C-2D27-120392379D03}"
EndProject
Project("{FAE04EC0-301F-11D3-BF4B-00C04F79EFBC}") = "Unity.2D.Common.Runtime", "Unity.2D.Common.Runtime.csproj", "{63112E69-6C45-ECC7-24AF-B7BC1698B4E5}"
EndProject
Project("{FAE04EC0-301F-11D3-BF4B-00C04F79EFBC}") = "Unity.InternalAPIEngineBridge.001", "Unity.InternalAPIEngineBridge.001.csproj", "{3DC48407-66C7-53D9-626D-DA9FC85D48CF}"
EndProject
Project("{FAE04EC0-301F-11D3-BF4B-00C04F79EFBC}") = "UnityEditor.TestRunner", "UnityEditor.TestRunner.csproj", "{5BC7FC01-5A43-4586-E364-9510AC348EB2}"
EndProject
Project("{FAE04EC0-301F-11D3-BF4B-00C04F79EFBC}") = "Unity.PlasticSCM.Editor", "Unity.PlasticSCM.Editor.csproj", "{7EABC639-350A-3E84-DB28-34A9F54CA176}"
EndProject
Project("{FAE04EC0-301F-11D3-BF4B-00C04F79EFBC}") = "Unity.2D.Animation.Triangle.Editor", "Unity.2D.Animation.Triangle.Editor.csproj", "{06A3F76A-4774-0225-952B-2E3BDAC42D6B}"
EndProject
Project("{FAE04EC0-301F-11D3-BF4B-00C04F79EFBC}") = "UnityEditor.UI", "UnityEditor.UI.csproj", "{7160B36D-BFAB-4538-D8DB-76D077DDA682}"
EndProject
Project("{FAE04EC0-301F-11D3-BF4B-00C04F79EFBC}") = "Unity.Timeline.Editor", "Unity.Timeline.Editor.csproj", "{DF66F1ED-13C9-20D3-AAA8-FE6A1CB8BCB6}"
EndProject
Project("{FAE04EC0-301F-11D3-BF4B-00C04F79EFBC}") = "Unity.VisualStudio.Editor", "Unity.VisualStudio.Editor.csproj", "{C7DA3727-1FEC-5D29-1DBA-9815FD06F9BE}"
EndProject
Project("{FAE04EC0-301F-11D3-BF4B-00C04F79EFBC}") = "Unity.2D.Psdimporter.Editor", "Unity.2D.Psdimporter.Editor.csproj", "{5494ADEF-8EB6-0E73-9033-300CD07278B5}"
EndProject
Project("{FAE04EC0-301F-11D3-BF4B-00C04F79EFBC}") = "Unity.2D.Animation.Editor", "Unity.2D.Animation.Editor.csproj", "{EEBA0096-AF14-493A-1761-4DC564115B8E}"
EndProject
Project("{FAE04EC0-301F-11D3-BF4B-00C04F79EFBC}") = "Unity.TextMeshPro.Editor", "Unity.TextMeshPro.Editor.csproj", "{DEBDE865-CB27-540D-1B6B-46E0D0DDC6EF}"
EndProject
Project("{FAE04EC0-301F-11D3-BF4B-00C04F79EFBC}") = "Unity.2D.SpriteShape.Editor", "Unity.2D.SpriteShape.Editor.csproj", "{0C0934BE-EC98-572D-64C2-F26D69E65746}"
EndProject
Project("{FAE04EC0-301F-11D3-BF4B-00C04F79EFBC}") = "PsdPlugin", "PsdPlugin.csproj", "{C58C45A2-25D4-F8C1-CD3D-85034833D07B}"
EndProject
Project("{FAE04EC0-301F-11D3-BF4B-00C04F79EFBC}") = "Unity.2D.Path.Editor", "Unity.2D.Path.Editor.csproj", "{0392B2B2-D9F1-24F3-42BE-8E27D34F9552}"
EndProject
Project("{FAE04EC0-301F-11D3-BF4B-00C04F79EFBC}") = "Unity.Rider.Editor", "Unity.Rider.Editor.csproj", "{57E6AEA9-D68E-5D74-7033-FD26E5EE2789}"
EndProject
Project("{FAE04EC0-301F-11D3-BF4B-00C04F79EFBC}") = "Unity.2D.IK.Editor", "Unity.2D.IK.Editor.csproj", "{01F133CA-C59E-50CE-1B6D-035FB762ED65}"
EndProject
Project("{FAE04EC0-301F-11D3-BF4B-00C04F79EFBC}") = "Unity.2D.Sprite.Editor", "Unity.2D.Sprite.Editor.csproj", "{A7D8C93C-F4C5-54F7-33D2-4783E30722E2}"
EndProject
Project("{FAE04EC0-301F-11D3-BF4B-00C04F79EFBC}") = "Unity.2D.Tilemap.Editor", "Unity.2D.Tilemap.Editor.csproj", "{34FBD9D0-C4D8-327D-8DF9-B27979E09932}"
EndProject
Project("{FAE04EC0-301F-11D3-BF4B-00C04F79EFBC}") = "Unity.2D.PixelPerfect.Editor", "Unity.2D.PixelPerfect.Editor.csproj", "{E840D3EF-C172-6858-12A2-52A2103C00EB}"
EndProject
Project("{FAE04EC0-301F-11D3-BF4B-00C04F79EFBC}") = "Unity.VSCode.Editor", "Unity.VSCode.Editor.csproj", "{1BDD4B47-4C03-0263-A4CE-55248A39359B}"
EndProject
Project("{FAE04EC0-301F-11D3-BF4B-00C04F79EFBC}") = "Unity.2D.Common.Editor", "Unity.2D.Common.Editor.csproj", "{233A01A7-F2E9-796A-C324-5AC426D8C3AB}"
EndProject
Project("{FAE04EC0-301F-11D3-BF4B-00C04F79EFBC}") = "Unity.Mathematics.Editor", "Unity.Mathematics.Editor.csproj", "{04E9EFD0-6D2C-11CC-4819-59CE27672943}"
EndProject
Project("{FAE04EC0-301F-11D3-BF4B-00C04F79EFBC}") = "Unity.CollabProxy.Editor", "Unity.CollabProxy.Editor.csproj", "{A2A54DE5-3CBC-B62F-1A16-4A713DCBD12E}"
EndProject
Project("{FAE04EC0-301F-11D3-BF4B-00C04F79EFBC}") = "Unity.InternalAPIEditorBridge.001", "Unity.InternalAPIEditorBridge.001.csproj", "{57357E15-8D15-BBC9-84B9-DAAF5E2D353D}"
EndProject
Project("{FAE04EC0-301F-11D3-BF4B-00C04F79EFBC}") = "UnityEngine.TestRunner", "UnityEngine.TestRunner.Player.csproj", "{8305203F-030D-B2D8-B874-BFB0EDF86B0F}"
EndProject
Project("{FAE04EC0-301F-11D3-BF4B-00C04F79EFBC}") = "Unity.Mathematics", "Unity.Mathematics.Player.csproj", "{B16061C7-2DD4-0E76-4E74-3EF8009FE606}"
EndProject
Project("{FAE04EC0-301F-11D3-BF4B-00C04F79EFBC}") = "Unity.Timeline", "Unity.Timeline.Player.csproj", "{5981E1F5-17DA-23D1-2B6D-E63271608BAC}"
EndProject
Project("{FAE04EC0-301F-11D3-BF4B-00C04F79EFBC}") = "UnityEngine.UI", "UnityEngine.UI.Player.csproj", "{B28AC9C0-C491-FCAF-87EE-91C711750A51}"
EndProject
Project("{FAE04EC0-301F-11D3-BF4B-00C04F79EFBC}") = "Unity.TextMeshPro", "Unity.TextMeshPro.Player.csproj", "{B5A3952A-3421-56DC-2A21-985356CFE77F}"
EndProject
Project("{FAE04EC0-301F-11D3-BF4B-00C04F79EFBC}") = "Unity.2D.Animation.Runtime", "Unity.2D.Animation.Runtime.Player.csproj", "{F1B35C08-9BAC-11AF-FBC6-D6D8C63138F0}"
EndProject
Project("{FAE04EC0-301F-11D3-BF4B-00C04F79EFBC}") = "Unity.2D.IK.Runtime", "Unity.2D.IK.Runtime.Player.csproj", "{8A518CF4-D16A-B2C7-09D2-3BF7DD03FD7B}"
EndProject
Project("{FAE04EC0-301F-11D3-BF4B-00C04F79EFBC}") = "Unity.2D.SpriteShape.Runtime", "Unity.2D.SpriteShape.Runtime.Player.csproj", "{BD5D5475-0871-6E80-876E-120964AD8375}"
EndProject
Project("{FAE04EC0-301F-11D3-BF4B-00C04F79EFBC}") = "Assembly-CSharp", "Assembly-CSharp.Player.csproj", "{F9803827-D951-F5CD-8B32-7E168028B6A5}"
EndProject
Project("{FAE04EC0-301F-11D3-BF4B-00C04F79EFBC}") = "Unity.2D.PixelPerfect", "Unity.2D.PixelPerfect.Player.csproj", "{4C3BF722-101B-4BE8-873F-17541633D5D4}"
EndProject
Project("{FAE04EC0-301F-11D3-BF4B-00C04F79EFBC}") = "Unity.2D.Common.Runtime", "Unity.2D.Common.Runtime.Player.csproj", "{250F9C08-2CB3-B515-E428-1414EC4AB682}"
EndProject
Project("{FAE04EC0-301F-11D3-BF4B-00C04F79EFBC}") = "Unity.InternalAPIEngineBridge.001", "Unity.InternalAPIEngineBridge.001.Player.csproj", "{574A34AC-108D-15BE-5A3A-A98F57B3BFDA}"
EndProject
Global
	GlobalSection(SolutionConfigurationPlatforms) = preSolution
		Debug|Any CPU = Debug|Any CPU
		Release|Any CPU = Release|Any CPU
	EndGlobalSection
	GlobalSection(ProjectConfigurationPlatforms) = postSolution
		{6D8D99BC-1DB3-F8C4-B525-28A8ED13439D}.Debug|Any CPU.ActiveCfg = Debug|Any CPU
		{6D8D99BC-1DB3-F8C4-B525-28A8ED13439D}.Debug|Any CPU.Build.0 = Debug|Any CPU
		{6D8D99BC-1DB3-F8C4-B525-28A8ED13439D}.Release|Any CPU.ActiveCfg = Release|Any CPU
		{6D8D99BC-1DB3-F8C4-B525-28A8ED13439D}.Release|Any CPU.Build.0 = Release|Any CPU
		{5F0A010A-135D-8C29-E4D9-C631D7040294}.Debug|Any CPU.ActiveCfg = Debug|Any CPU
		{5F0A010A-135D-8C29-E4D9-C631D7040294}.Debug|Any CPU.Build.0 = Debug|Any CPU
		{5F0A010A-135D-8C29-E4D9-C631D7040294}.Release|Any CPU.ActiveCfg = Release|Any CPU
		{5F0A010A-135D-8C29-E4D9-C631D7040294}.Release|Any CPU.Build.0 = Release|Any CPU
		{C62FCCAF-9CBF-6300-D371-FA850E1F571F}.Debug|Any CPU.ActiveCfg = Debug|Any CPU
		{C62FCCAF-9CBF-6300-D371-FA850E1F571F}.Debug|Any CPU.Build.0 = Debug|Any CPU
		{C62FCCAF-9CBF-6300-D371-FA850E1F571F}.Release|Any CPU.ActiveCfg = Release|Any CPU
		{C62FCCAF-9CBF-6300-D371-FA850E1F571F}.Release|Any CPU.Build.0 = Release|Any CPU
		{D36910CA-33EC-2331-AEEA-48BB9EAA5620}.Debug|Any CPU.ActiveCfg = Debug|Any CPU
		{D36910CA-33EC-2331-AEEA-48BB9EAA5620}.Debug|Any CPU.Build.0 = Debug|Any CPU
		{D36910CA-33EC-2331-AEEA-48BB9EAA5620}.Release|Any CPU.ActiveCfg = Release|Any CPU
		{D36910CA-33EC-2331-AEEA-48BB9EAA5620}.Release|Any CPU.Build.0 = Release|Any CPU
		{78457E42-ED67-C9E5-98EF-B5427940ED92}.Debug|Any CPU.ActiveCfg = Debug|Any CPU
		{78457E42-ED67-C9E5-98EF-B5427940ED92}.Debug|Any CPU.Build.0 = Debug|Any CPU
		{78457E42-ED67-C9E5-98EF-B5427940ED92}.Release|Any CPU.ActiveCfg = Release|Any CPU
		{78457E42-ED67-C9E5-98EF-B5427940ED92}.Release|Any CPU.Build.0 = Release|Any CPU
		{4ABBF053-9462-8651-E694-CA06EF850F07}.Debug|Any CPU.ActiveCfg = Debug|Any CPU
		{4ABBF053-9462-8651-E694-CA06EF850F07}.Debug|Any CPU.Build.0 = Debug|Any CPU
		{4ABBF053-9462-8651-E694-CA06EF850F07}.Release|Any CPU.ActiveCfg = Release|Any CPU
		{4ABBF053-9462-8651-E694-CA06EF850F07}.Release|Any CPU.Build.0 = Release|Any CPU
		{EBE68BCD-AD92-890B-1C86-D6FAF1E04BEE}.Debug|Any CPU.ActiveCfg = Debug|Any CPU
		{EBE68BCD-AD92-890B-1C86-D6FAF1E04BEE}.Debug|Any CPU.Build.0 = Debug|Any CPU
		{EBE68BCD-AD92-890B-1C86-D6FAF1E04BEE}.Release|Any CPU.ActiveCfg = Release|Any CPU
		{EBE68BCD-AD92-890B-1C86-D6FAF1E04BEE}.Release|Any CPU.Build.0 = Release|Any CPU
		{2B54A9B1-776C-A165-2062-114487C352F3}.Debug|Any CPU.ActiveCfg = Debug|Any CPU
		{2B54A9B1-776C-A165-2062-114487C352F3}.Debug|Any CPU.Build.0 = Debug|Any CPU
		{2B54A9B1-776C-A165-2062-114487C352F3}.Release|Any CPU.ActiveCfg = Release|Any CPU
		{2B54A9B1-776C-A165-2062-114487C352F3}.Release|Any CPU.Build.0 = Release|Any CPU
		{C68B3644-90E2-884B-89FD-9196FD699751}.Debug|Any CPU.ActiveCfg = Debug|Any CPU
		{C68B3644-90E2-884B-89FD-9196FD699751}.Debug|Any CPU.Build.0 = Debug|Any CPU
		{C68B3644-90E2-884B-89FD-9196FD699751}.Release|Any CPU.ActiveCfg = Release|Any CPU
		{C68B3644-90E2-884B-89FD-9196FD699751}.Release|Any CPU.Build.0 = Release|Any CPU
		{045E569A-1E76-982C-2D27-120392379D03}.Debug|Any CPU.ActiveCfg = Debug|Any CPU
		{045E569A-1E76-982C-2D27-120392379D03}.Debug|Any CPU.Build.0 = Debug|Any CPU
		{045E569A-1E76-982C-2D27-120392379D03}.Release|Any CPU.ActiveCfg = Release|Any CPU
		{045E569A-1E76-982C-2D27-120392379D03}.Release|Any CPU.Build.0 = Release|Any CPU
		{63112E69-6C45-ECC7-24AF-B7BC1698B4E5}.Debug|Any CPU.ActiveCfg = Debug|Any CPU
		{63112E69-6C45-ECC7-24AF-B7BC1698B4E5}.Debug|Any CPU.Build.0 = Debug|Any CPU
		{63112E69-6C45-ECC7-24AF-B7BC1698B4E5}.Release|Any CPU.ActiveCfg = Release|Any CPU
		{63112E69-6C45-ECC7-24AF-B7BC1698B4E5}.Release|Any CPU.Build.0 = Release|Any CPU
		{3DC48407-66C7-53D9-626D-DA9FC85D48CF}.Debug|Any CPU.ActiveCfg = Debug|Any CPU
		{3DC48407-66C7-53D9-626D-DA9FC85D48CF}.Debug|Any CPU.Build.0 = Debug|Any CPU
		{3DC48407-66C7-53D9-626D-DA9FC85D48CF}.Release|Any CPU.ActiveCfg = Release|Any CPU
		{3DC48407-66C7-53D9-626D-DA9FC85D48CF}.Release|Any CPU.Build.0 = Release|Any CPU
		{5BC7FC01-5A43-4586-E364-9510AC348EB2}.Debug|Any CPU.ActiveCfg = Debug|Any CPU
		{5BC7FC01-5A43-4586-E364-9510AC348EB2}.Debug|Any CPU.Build.0 = Debug|Any CPU
		{5BC7FC01-5A43-4586-E364-9510AC348EB2}.Release|Any CPU.ActiveCfg = Release|Any CPU
		{5BC7FC01-5A43-4586-E364-9510AC348EB2}.Release|Any CPU.Build.0 = Release|Any CPU
		{7EABC639-350A-3E84-DB28-34A9F54CA176}.Debug|Any CPU.ActiveCfg = Debug|Any CPU
		{7EABC639-350A-3E84-DB28-34A9F54CA176}.Debug|Any CPU.Build.0 = Debug|Any CPU
		{7EABC639-350A-3E84-DB28-34A9F54CA176}.Release|Any CPU.ActiveCfg = Release|Any CPU
		{7EABC639-350A-3E84-DB28-34A9F54CA176}.Release|Any CPU.Build.0 = Release|Any CPU
		{06A3F76A-4774-0225-952B-2E3BDAC42D6B}.Debug|Any CPU.ActiveCfg = Debug|Any CPU
		{06A3F76A-4774-0225-952B-2E3BDAC42D6B}.Debug|Any CPU.Build.0 = Debug|Any CPU
		{06A3F76A-4774-0225-952B-2E3BDAC42D6B}.Release|Any CPU.ActiveCfg = Release|Any CPU
		{06A3F76A-4774-0225-952B-2E3BDAC42D6B}.Release|Any CPU.Build.0 = Release|Any CPU
		{7160B36D-BFAB-4538-D8DB-76D077DDA682}.Debug|Any CPU.ActiveCfg = Debug|Any CPU
		{7160B36D-BFAB-4538-D8DB-76D077DDA682}.Debug|Any CPU.Build.0 = Debug|Any CPU
		{7160B36D-BFAB-4538-D8DB-76D077DDA682}.Release|Any CPU.ActiveCfg = Release|Any CPU
		{7160B36D-BFAB-4538-D8DB-76D077DDA682}.Release|Any CPU.Build.0 = Release|Any CPU
		{DF66F1ED-13C9-20D3-AAA8-FE6A1CB8BCB6}.Debug|Any CPU.ActiveCfg = Debug|Any CPU
		{DF66F1ED-13C9-20D3-AAA8-FE6A1CB8BCB6}.Debug|Any CPU.Build.0 = Debug|Any CPU
		{DF66F1ED-13C9-20D3-AAA8-FE6A1CB8BCB6}.Release|Any CPU.ActiveCfg = Release|Any CPU
		{DF66F1ED-13C9-20D3-AAA8-FE6A1CB8BCB6}.Release|Any CPU.Build.0 = Release|Any CPU
		{C7DA3727-1FEC-5D29-1DBA-9815FD06F9BE}.Debug|Any CPU.ActiveCfg = Debug|Any CPU
		{C7DA3727-1FEC-5D29-1DBA-9815FD06F9BE}.Debug|Any CPU.Build.0 = Debug|Any CPU
		{C7DA3727-1FEC-5D29-1DBA-9815FD06F9BE}.Release|Any CPU.ActiveCfg = Release|Any CPU
		{C7DA3727-1FEC-5D29-1DBA-9815FD06F9BE}.Release|Any CPU.Build.0 = Release|Any CPU
		{5494ADEF-8EB6-0E73-9033-300CD07278B5}.Debug|Any CPU.ActiveCfg = Debug|Any CPU
		{5494ADEF-8EB6-0E73-9033-300CD07278B5}.Debug|Any CPU.Build.0 = Debug|Any CPU
		{5494ADEF-8EB6-0E73-9033-300CD07278B5}.Release|Any CPU.ActiveCfg = Release|Any CPU
		{5494ADEF-8EB6-0E73-9033-300CD07278B5}.Release|Any CPU.Build.0 = Release|Any CPU
		{EEBA0096-AF14-493A-1761-4DC564115B8E}.Debug|Any CPU.ActiveCfg = Debug|Any CPU
		{EEBA0096-AF14-493A-1761-4DC564115B8E}.Debug|Any CPU.Build.0 = Debug|Any CPU
		{EEBA0096-AF14-493A-1761-4DC564115B8E}.Release|Any CPU.ActiveCfg = Release|Any CPU
		{EEBA0096-AF14-493A-1761-4DC564115B8E}.Release|Any CPU.Build.0 = Release|Any CPU
		{DEBDE865-CB27-540D-1B6B-46E0D0DDC6EF}.Debug|Any CPU.ActiveCfg = Debug|Any CPU
		{DEBDE865-CB27-540D-1B6B-46E0D0DDC6EF}.Debug|Any CPU.Build.0 = Debug|Any CPU
		{DEBDE865-CB27-540D-1B6B-46E0D0DDC6EF}.Release|Any CPU.ActiveCfg = Release|Any CPU
		{DEBDE865-CB27-540D-1B6B-46E0D0DDC6EF}.Release|Any CPU.Build.0 = Release|Any CPU
		{0C0934BE-EC98-572D-64C2-F26D69E65746}.Debug|Any CPU.ActiveCfg = Debug|Any CPU
		{0C0934BE-EC98-572D-64C2-F26D69E65746}.Debug|Any CPU.Build.0 = Debug|Any CPU
		{0C0934BE-EC98-572D-64C2-F26D69E65746}.Release|Any CPU.ActiveCfg = Release|Any CPU
		{0C0934BE-EC98-572D-64C2-F26D69E65746}.Release|Any CPU.Build.0 = Release|Any CPU
		{C58C45A2-25D4-F8C1-CD3D-85034833D07B}.Debug|Any CPU.ActiveCfg = Debug|Any CPU
		{C58C45A2-25D4-F8C1-CD3D-85034833D07B}.Debug|Any CPU.Build.0 = Debug|Any CPU
		{C58C45A2-25D4-F8C1-CD3D-85034833D07B}.Release|Any CPU.ActiveCfg = Release|Any CPU
		{C58C45A2-25D4-F8C1-CD3D-85034833D07B}.Release|Any CPU.Build.0 = Release|Any CPU
		{0392B2B2-D9F1-24F3-42BE-8E27D34F9552}.Debug|Any CPU.ActiveCfg = Debug|Any CPU
		{0392B2B2-D9F1-24F3-42BE-8E27D34F9552}.Debug|Any CPU.Build.0 = Debug|Any CPU
		{0392B2B2-D9F1-24F3-42BE-8E27D34F9552}.Release|Any CPU.ActiveCfg = Release|Any CPU
		{0392B2B2-D9F1-24F3-42BE-8E27D34F9552}.Release|Any CPU.Build.0 = Release|Any CPU
		{57E6AEA9-D68E-5D74-7033-FD26E5EE2789}.Debug|Any CPU.ActiveCfg = Debug|Any CPU
		{57E6AEA9-D68E-5D74-7033-FD26E5EE2789}.Debug|Any CPU.Build.0 = Debug|Any CPU
		{57E6AEA9-D68E-5D74-7033-FD26E5EE2789}.Release|Any CPU.ActiveCfg = Release|Any CPU
		{57E6AEA9-D68E-5D74-7033-FD26E5EE2789}.Release|Any CPU.Build.0 = Release|Any CPU
		{01F133CA-C59E-50CE-1B6D-035FB762ED65}.Debug|Any CPU.ActiveCfg = Debug|Any CPU
		{01F133CA-C59E-50CE-1B6D-035FB762ED65}.Debug|Any CPU.Build.0 = Debug|Any CPU
		{01F133CA-C59E-50CE-1B6D-035FB762ED65}.Release|Any CPU.ActiveCfg = Release|Any CPU
		{01F133CA-C59E-50CE-1B6D-035FB762ED65}.Release|Any CPU.Build.0 = Release|Any CPU
		{A7D8C93C-F4C5-54F7-33D2-4783E30722E2}.Debug|Any CPU.ActiveCfg = Debug|Any CPU
		{A7D8C93C-F4C5-54F7-33D2-4783E30722E2}.Debug|Any CPU.Build.0 = Debug|Any CPU
		{A7D8C93C-F4C5-54F7-33D2-4783E30722E2}.Release|Any CPU.ActiveCfg = Release|Any CPU
		{A7D8C93C-F4C5-54F7-33D2-4783E30722E2}.Release|Any CPU.Build.0 = Release|Any CPU
		{34FBD9D0-C4D8-327D-8DF9-B27979E09932}.Debug|Any CPU.ActiveCfg = Debug|Any CPU
		{34FBD9D0-C4D8-327D-8DF9-B27979E09932}.Debug|Any CPU.Build.0 = Debug|Any CPU
		{34FBD9D0-C4D8-327D-8DF9-B27979E09932}.Release|Any CPU.ActiveCfg = Release|Any CPU
		{34FBD9D0-C4D8-327D-8DF9-B27979E09932}.Release|Any CPU.Build.0 = Release|Any CPU
		{E840D3EF-C172-6858-12A2-52A2103C00EB}.Debug|Any CPU.ActiveCfg = Debug|Any CPU
		{E840D3EF-C172-6858-12A2-52A2103C00EB}.Debug|Any CPU.Build.0 = Debug|Any CPU
		{E840D3EF-C172-6858-12A2-52A2103C00EB}.Release|Any CPU.ActiveCfg = Release|Any CPU
		{E840D3EF-C172-6858-12A2-52A2103C00EB}.Release|Any CPU.Build.0 = Release|Any CPU
		{1BDD4B47-4C03-0263-A4CE-55248A39359B}.Debug|Any CPU.ActiveCfg = Debug|Any CPU
		{1BDD4B47-4C03-0263-A4CE-55248A39359B}.Debug|Any CPU.Build.0 = Debug|Any CPU
		{1BDD4B47-4C03-0263-A4CE-55248A39359B}.Release|Any CPU.ActiveCfg = Release|Any CPU
		{1BDD4B47-4C03-0263-A4CE-55248A39359B}.Release|Any CPU.Build.0 = Release|Any CPU
		{233A01A7-F2E9-796A-C324-5AC426D8C3AB}.Debug|Any CPU.ActiveCfg = Debug|Any CPU
		{233A01A7-F2E9-796A-C324-5AC426D8C3AB}.Debug|Any CPU.Build.0 = Debug|Any CPU
		{233A01A7-F2E9-796A-C324-5AC426D8C3AB}.Release|Any CPU.ActiveCfg = Release|Any CPU
		{233A01A7-F2E9-796A-C324-5AC426D8C3AB}.Release|Any CPU.Build.0 = Release|Any CPU
		{04E9EFD0-6D2C-11CC-4819-59CE27672943}.Debug|Any CPU.ActiveCfg = Debug|Any CPU
		{04E9EFD0-6D2C-11CC-4819-59CE27672943}.Debug|Any CPU.Build.0 = Debug|Any CPU
		{04E9EFD0-6D2C-11CC-4819-59CE27672943}.Release|Any CPU.ActiveCfg = Release|Any CPU
		{04E9EFD0-6D2C-11CC-4819-59CE27672943}.Release|Any CPU.Build.0 = Release|Any CPU
		{A2A54DE5-3CBC-B62F-1A16-4A713DCBD12E}.Debug|Any CPU.ActiveCfg = Debug|Any CPU
		{A2A54DE5-3CBC-B62F-1A16-4A713DCBD12E}.Debug|Any CPU.Build.0 = Debug|Any CPU
		{A2A54DE5-3CBC-B62F-1A16-4A713DCBD12E}.Release|Any CPU.ActiveCfg = Release|Any CPU
		{A2A54DE5-3CBC-B62F-1A16-4A713DCBD12E}.Release|Any CPU.Build.0 = Release|Any CPU
		{57357E15-8D15-BBC9-84B9-DAAF5E2D353D}.Debug|Any CPU.ActiveCfg = Debug|Any CPU
		{57357E15-8D15-BBC9-84B9-DAAF5E2D353D}.Debug|Any CPU.Build.0 = Debug|Any CPU
		{57357E15-8D15-BBC9-84B9-DAAF5E2D353D}.Release|Any CPU.ActiveCfg = Release|Any CPU
		{57357E15-8D15-BBC9-84B9-DAAF5E2D353D}.Release|Any CPU.Build.0 = Release|Any CPU
		{8305203F-030D-B2D8-B874-BFB0EDF86B0F}.Debug|Any CPU.ActiveCfg = Debug|Any CPU
		{8305203F-030D-B2D8-B874-BFB0EDF86B0F}.Debug|Any CPU.Build.0 = Debug|Any CPU
		{8305203F-030D-B2D8-B874-BFB0EDF86B0F}.Release|Any CPU.ActiveCfg = Release|Any CPU
		{8305203F-030D-B2D8-B874-BFB0EDF86B0F}.Release|Any CPU.Build.0 = Release|Any CPU
		{B16061C7-2DD4-0E76-4E74-3EF8009FE606}.Debug|Any CPU.ActiveCfg = Debug|Any CPU
		{B16061C7-2DD4-0E76-4E74-3EF8009FE606}.Debug|Any CPU.Build.0 = Debug|Any CPU
		{B16061C7-2DD4-0E76-4E74-3EF8009FE606}.Release|Any CPU.ActiveCfg = Release|Any CPU
		{B16061C7-2DD4-0E76-4E74-3EF8009FE606}.Release|Any CPU.Build.0 = Release|Any CPU
		{5981E1F5-17DA-23D1-2B6D-E63271608BAC}.Debug|Any CPU.ActiveCfg = Debug|Any CPU
		{5981E1F5-17DA-23D1-2B6D-E63271608BAC}.Debug|Any CPU.Build.0 = Debug|Any CPU
		{5981E1F5-17DA-23D1-2B6D-E63271608BAC}.Release|Any CPU.ActiveCfg = Release|Any CPU
		{5981E1F5-17DA-23D1-2B6D-E63271608BAC}.Release|Any CPU.Build.0 = Release|Any CPU
		{B28AC9C0-C491-FCAF-87EE-91C711750A51}.Debug|Any CPU.ActiveCfg = Debug|Any CPU
		{B28AC9C0-C491-FCAF-87EE-91C711750A51}.Debug|Any CPU.Build.0 = Debug|Any CPU
		{B28AC9C0-C491-FCAF-87EE-91C711750A51}.Release|Any CPU.ActiveCfg = Release|Any CPU
		{B28AC9C0-C491-FCAF-87EE-91C711750A51}.Release|Any CPU.Build.0 = Release|Any CPU
		{B5A3952A-3421-56DC-2A21-985356CFE77F}.Debug|Any CPU.ActiveCfg = Debug|Any CPU
		{B5A3952A-3421-56DC-2A21-985356CFE77F}.Debug|Any CPU.Build.0 = Debug|Any CPU
		{B5A3952A-3421-56DC-2A21-985356CFE77F}.Release|Any CPU.ActiveCfg = Release|Any CPU
		{B5A3952A-3421-56DC-2A21-985356CFE77F}.Release|Any CPU.Build.0 = Release|Any CPU
		{F1B35C08-9BAC-11AF-FBC6-D6D8C63138F0}.Debug|Any CPU.ActiveCfg = Debug|Any CPU
		{F1B35C08-9BAC-11AF-FBC6-D6D8C63138F0}.Debug|Any CPU.Build.0 = Debug|Any CPU
		{F1B35C08-9BAC-11AF-FBC6-D6D8C63138F0}.Release|Any CPU.ActiveCfg = Release|Any CPU
		{F1B35C08-9BAC-11AF-FBC6-D6D8C63138F0}.Release|Any CPU.Build.0 = Release|Any CPU
		{8A518CF4-D16A-B2C7-09D2-3BF7DD03FD7B}.Debug|Any CPU.ActiveCfg = Debug|Any CPU
		{8A518CF4-D16A-B2C7-09D2-3BF7DD03FD7B}.Debug|Any CPU.Build.0 = Debug|Any CPU
		{8A518CF4-D16A-B2C7-09D2-3BF7DD03FD7B}.Release|Any CPU.ActiveCfg = Release|Any CPU
		{8A518CF4-D16A-B2C7-09D2-3BF7DD03FD7B}.Release|Any CPU.Build.0 = Release|Any CPU
		{BD5D5475-0871-6E80-876E-120964AD8375}.Debug|Any CPU.ActiveCfg = Debug|Any CPU
		{BD5D5475-0871-6E80-876E-120964AD8375}.Debug|Any CPU.Build.0 = Debug|Any CPU
		{BD5D5475-0871-6E80-876E-120964AD8375}.Release|Any CPU.ActiveCfg = Release|Any CPU
		{BD5D5475-0871-6E80-876E-120964AD8375}.Release|Any CPU.Build.0 = Release|Any CPU
		{F9803827-D951-F5CD-8B32-7E168028B6A5}.Debug|Any CPU.ActiveCfg = Debug|Any CPU
		{F9803827-D951-F5CD-8B32-7E168028B6A5}.Debug|Any CPU.Build.0 = Debug|Any CPU
		{F9803827-D951-F5CD-8B32-7E168028B6A5}.Release|Any CPU.ActiveCfg = Release|Any CPU
		{F9803827-D951-F5CD-8B32-7E168028B6A5}.Release|Any CPU.Build.0 = Release|Any CPU
		{4C3BF722-101B-4BE8-873F-17541633D5D4}.Debug|Any CPU.ActiveCfg = Debug|Any CPU
		{4C3BF722-101B-4BE8-873F-17541633D5D4}.Debug|Any CPU.Build.0 = Debug|Any CPU
		{4C3BF722-101B-4BE8-873F-17541633D5D4}.Release|Any CPU.ActiveCfg = Release|Any CPU
		{4C3BF722-101B-4BE8-873F-17541633D5D4}.Release|Any CPU.Build.0 = Release|Any CPU
		{250F9C08-2CB3-B515-E428-1414EC4AB682}.Debug|Any CPU.ActiveCfg = Debug|Any CPU
		{250F9C08-2CB3-B515-E428-1414EC4AB682}.Debug|Any CPU.Build.0 = Debug|Any CPU
		{250F9C08-2CB3-B515-E428-1414EC4AB682}.Release|Any CPU.ActiveCfg = Release|Any CPU
		{250F9C08-2CB3-B515-E428-1414EC4AB682}.Release|Any CPU.Build.0 = Release|Any CPU
		{574A34AC-108D-15BE-5A3A-A98F57B3BFDA}.Debug|Any CPU.ActiveCfg = Debug|Any CPU
		{574A34AC-108D-15BE-5A3A-A98F57B3BFDA}.Debug|Any CPU.Build.0 = Debug|Any CPU
		{574A34AC-108D-15BE-5A3A-A98F57B3BFDA}.Release|Any CPU.ActiveCfg = Release|Any CPU
		{574A34AC-108D-15BE-5A3A-A98F57B3BFDA}.Release|Any CPU.Build.0 = Release|Any CPU
	EndGlobalSection
	GlobalSection(SolutionProperties) = preSolution
		HideSolutionNode = FALSE
	EndGlobalSection
EndGlobal
